
Microsoft Visual Studio Solution File, Format Version 12.00
# Visual Studio 14
VisualStudioVersion = 14.0.24720.0
MinimumVisualStudioVersion = 10.0.40219.1
Project("{FAE04EC0-301F-11D3-BF4B-00C04F79EFBC}") = "PhoneBook", "PhoneBook\PhoneBook.csproj", "{101910FD-7B4B-437B-9210-08178A9A7424}"
EndProject
Project("{2150E333-8FDC-42A3-9474-1A3956D46DE8}") = "Contracts", "Contracts", "{7EE9AEC5-2AFF-4256-B79A-AB94E9728845}"
EndProject
Project("{2150E333-8FDC-42A3-9474-1A3956D46DE8}") = "Orchestration", "Orchestration", "{1274847D-432A-4561-A38B-065D48E1C163}"
EndProject
Project("{2150E333-8FDC-42A3-9474-1A3956D46DE8}") = "Adapters", "Adapters", "{4E65825B-5B2A-42F0-9A7F-B429DE3F54D6}"
EndProject
Project("{FAE04EC0-301F-11D3-BF4B-00C04F79EFBC}") = "PhoneBook.WebApi.Contracts", "PhoneBook.WebApi.Contracts\PhoneBook.WebApi.Contracts.csproj", "{3E185AB8-A18F-4276-8349-C3D34F80A6A4}"
EndProject
Project("{FAE04EC0-301F-11D3-BF4B-00C04F79EFBC}") = "PhoneBook.WebApi.Orchestrations", "PhoneBook.WebApi.Orchestrations\PhoneBook.WebApi.Orchestrations.csproj", "{3BADE81B-C36E-4604-A67A-13AAA547A500}"
EndProject
Project("{FAE04EC0-301F-11D3-BF4B-00C04F79EFBC}") = "PhoneBook.WebApi.Orchestrations.Contracts", "PhoneBook.WebApi.Orchestrations.Contracts\PhoneBook.WebApi.Orchestrations.Contracts.csproj", "{CFB5B848-12F4-407E-818D-FB4297153A83}"
EndProject
Project("{FAE04EC0-301F-11D3-BF4B-00C04F79EFBC}") = "PhoneBook.WebApi.Adapters.Contracts", "PhoneBook.WebApi.Adapters.Contracts\PhoneBook.WebApi.Adapters.Contracts.csproj", "{987C0622-C937-4F40-AC69-7BDC39D832C8}"
EndProject
Project("{FAE04EC0-301F-11D3-BF4B-00C04F79EFBC}") = "PhoneBook.Common", "PhoneBook.Common\PhoneBook.Common.csproj", "{3DC437AB-7208-48AB-9A2A-03BE96C8E739}"
EndProject
Project("{FAE04EC0-301F-11D3-BF4B-00C04F79EFBC}") = "PhoneBook.WebApi.Adapters", "PhoneBook.WebApi.Adapters\PhoneBook.WebApi.Adapters.csproj", "{1C26E049-205F-4F2C-9451-E9E91286A1C9}"
EndProject
Project("{FAE04EC0-301F-11D3-BF4B-00C04F79EFBC}") = "PhoneBook.Tests", "PhoneBook.Tests\PhoneBook.Tests.csproj", "{0C49BDC4-F0C3-4767-9E80-F992BA29715C}"
EndProject
Global
	GlobalSection(SolutionConfigurationPlatforms) = preSolution
		Debug (In Process)|Any CPU = Debug (In Process)|Any CPU
		Debug|Any CPU = Debug|Any CPU
		Dev|Any CPU = Dev|Any CPU
		IntT|Any CPU = IntT|Any CPU
		QA|Any CPU = QA|Any CPU
		Release|Any CPU = Release|Any CPU
		UAT|Any CPU = UAT|Any CPU
	EndGlobalSection
	GlobalSection(ProjectConfigurationPlatforms) = postSolution
		{101910FD-7B4B-437B-9210-08178A9A7424}.Debug (In Process)|Any CPU.ActiveCfg = Debug|Any CPU
		{101910FD-7B4B-437B-9210-08178A9A7424}.Debug (In Process)|Any CPU.Build.0 = Debug|Any CPU
		{101910FD-7B4B-437B-9210-08178A9A7424}.Debug|Any CPU.ActiveCfg = Debug|Any CPU
		{101910FD-7B4B-437B-9210-08178A9A7424}.Debug|Any CPU.Build.0 = Debug|Any CPU
		{101910FD-7B4B-437B-9210-08178A9A7424}.Dev|Any CPU.ActiveCfg = Debug|Any CPU
		{101910FD-7B4B-437B-9210-08178A9A7424}.Dev|Any CPU.Build.0 = Debug|Any CPU
		{101910FD-7B4B-437B-9210-08178A9A7424}.IntT|Any CPU.ActiveCfg = Release|Any CPU
		{101910FD-7B4B-437B-9210-08178A9A7424}.IntT|Any CPU.Build.0 = Release|Any CPU
		{101910FD-7B4B-437B-9210-08178A9A7424}.QA|Any CPU.ActiveCfg = Release|Any CPU
		{101910FD-7B4B-437B-9210-08178A9A7424}.QA|Any CPU.Build.0 = Release|Any CPU
		{101910FD-7B4B-437B-9210-08178A9A7424}.Release|Any CPU.ActiveCfg = Release|Any CPU
		{101910FD-7B4B-437B-9210-08178A9A7424}.Release|Any CPU.Build.0 = Release|Any CPU
		{101910FD-7B4B-437B-9210-08178A9A7424}.UAT|Any CPU.ActiveCfg = Release|Any CPU
		{101910FD-7B4B-437B-9210-08178A9A7424}.UAT|Any CPU.Build.0 = Release|Any CPU
		{3E185AB8-A18F-4276-8349-C3D34F80A6A4}.Debug (In Process)|Any CPU.ActiveCfg = Debug (In Process)|Any CPU
		{3E185AB8-A18F-4276-8349-C3D34F80A6A4}.Debug (In Process)|Any CPU.Build.0 = Debug (In Process)|Any CPU
		{3E185AB8-A18F-4276-8349-C3D34F80A6A4}.Debug|Any CPU.ActiveCfg = Debug|Any CPU
		{3E185AB8-A18F-4276-8349-C3D34F80A6A4}.Debug|Any CPU.Build.0 = Debug|Any CPU
		{3E185AB8-A18F-4276-8349-C3D34F80A6A4}.Dev|Any CPU.ActiveCfg = Dev|Any CPU
		{3E185AB8-A18F-4276-8349-C3D34F80A6A4}.Dev|Any CPU.Build.0 = Dev|Any CPU
		{3E185AB8-A18F-4276-8349-C3D34F80A6A4}.IntT|Any CPU.ActiveCfg = IntT|Any CPU
		{3E185AB8-A18F-4276-8349-C3D34F80A6A4}.IntT|Any CPU.Build.0 = IntT|Any CPU
		{3E185AB8-A18F-4276-8349-C3D34F80A6A4}.QA|Any CPU.ActiveCfg = QA|Any CPU
		{3E185AB8-A18F-4276-8349-C3D34F80A6A4}.QA|Any CPU.Build.0 = QA|Any CPU
		{3E185AB8-A18F-4276-8349-C3D34F80A6A4}.Release|Any CPU.ActiveCfg = Release|Any CPU
		{3E185AB8-A18F-4276-8349-C3D34F80A6A4}.Release|Any CPU.Build.0 = Release|Any CPU
		{3E185AB8-A18F-4276-8349-C3D34F80A6A4}.UAT|Any CPU.ActiveCfg = UAT|Any CPU
		{3E185AB8-A18F-4276-8349-C3D34F80A6A4}.UAT|Any CPU.Build.0 = UAT|Any CPU
		{3BADE81B-C36E-4604-A67A-13AAA547A500}.Debug (In Process)|Any CPU.ActiveCfg = Debug (In Process)|Any CPU
		{3BADE81B-C36E-4604-A67A-13AAA547A500}.Debug (In Process)|Any CPU.Build.0 = Debug (In Process)|Any CPU
		{3BADE81B-C36E-4604-A67A-13AAA547A500}.Debug|Any CPU.ActiveCfg = Debug|Any CPU
		{3BADE81B-C36E-4604-A67A-13AAA547A500}.Debug|Any CPU.Build.0 = Debug|Any CPU
		{3BADE81B-C36E-4604-A67A-13AAA547A500}.Dev|Any CPU.ActiveCfg = Dev|Any CPU
		{3BADE81B-C36E-4604-A67A-13AAA547A500}.Dev|Any CPU.Build.0 = Dev|Any CPU
		{3BADE81B-C36E-4604-A67A-13AAA547A500}.IntT|Any CPU.ActiveCfg = IntT|Any CPU
		{3BADE81B-C36E-4604-A67A-13AAA547A500}.IntT|Any CPU.Build.0 = IntT|Any CPU
		{3BADE81B-C36E-4604-A67A-13AAA547A500}.QA|Any CPU.ActiveCfg = QA|Any CPU
		{3BADE81B-C36E-4604-A67A-13AAA547A500}.QA|Any CPU.Build.0 = QA|Any CPU
		{3BADE81B-C36E-4604-A67A-13AAA547A500}.Release|Any CPU.ActiveCfg = Release|Any CPU
		{3BADE81B-C36E-4604-A67A-13AAA547A500}.Release|Any CPU.Build.0 = Release|Any CPU
		{3BADE81B-C36E-4604-A67A-13AAA547A500}.UAT|Any CPU.ActiveCfg = UAT|Any CPU
		{3BADE81B-C36E-4604-A67A-13AAA547A500}.UAT|Any CPU.Build.0 = UAT|Any CPU
		{CFB5B848-12F4-407E-818D-FB4297153A83}.Debug (In Process)|Any CPU.ActiveCfg = Debug (In Process)|Any CPU
		{CFB5B848-12F4-407E-818D-FB4297153A83}.Debug (In Process)|Any CPU.Build.0 = Debug (In Process)|Any CPU
		{CFB5B848-12F4-407E-818D-FB4297153A83}.Debug|Any CPU.ActiveCfg = Debug|Any CPU
		{CFB5B848-12F4-407E-818D-FB4297153A83}.Debug|Any CPU.Build.0 = Debug|Any CPU
		{CFB5B848-12F4-407E-818D-FB4297153A83}.Dev|Any CPU.ActiveCfg = Dev|Any CPU
		{CFB5B848-12F4-407E-818D-FB4297153A83}.Dev|Any CPU.Build.0 = Dev|Any CPU
		{CFB5B848-12F4-407E-818D-FB4297153A83}.IntT|Any CPU.ActiveCfg = IntT|Any CPU
		{CFB5B848-12F4-407E-818D-FB4297153A83}.IntT|Any CPU.Build.0 = IntT|Any CPU
		{CFB5B848-12F4-407E-818D-FB4297153A83}.QA|Any CPU.ActiveCfg = QA|Any CPU
		{CFB5B848-12F4-407E-818D-FB4297153A83}.QA|Any CPU.Build.0 = QA|Any CPU
		{CFB5B848-12F4-407E-818D-FB4297153A83}.Release|Any CPU.ActiveCfg = Release|Any CPU
		{CFB5B848-12F4-407E-818D-FB4297153A83}.Release|Any CPU.Build.0 = Release|Any CPU
		{CFB5B848-12F4-407E-818D-FB4297153A83}.UAT|Any CPU.ActiveCfg = UAT|Any CPU
		{CFB5B848-12F4-407E-818D-FB4297153A83}.UAT|Any CPU.Build.0 = UAT|Any CPU
		{987C0622-C937-4F40-AC69-7BDC39D832C8}.Debug (In Process)|Any CPU.ActiveCfg = Debug (In Process)|Any CPU
		{987C0622-C937-4F40-AC69-7BDC39D832C8}.Debug (In Process)|Any CPU.Build.0 = Debug (In Process)|Any CPU
		{987C0622-C937-4F40-AC69-7BDC39D832C8}.Debug|Any CPU.ActiveCfg = Debug|Any CPU
		{987C0622-C937-4F40-AC69-7BDC39D832C8}.Debug|Any CPU.Build.0 = Debug|Any CPU
		{987C0622-C937-4F40-AC69-7BDC39D832C8}.Dev|Any CPU.ActiveCfg = Dev|Any CPU
		{987C0622-C937-4F40-AC69-7BDC39D832C8}.Dev|Any CPU.Build.0 = Dev|Any CPU
		{987C0622-C937-4F40-AC69-7BDC39D832C8}.IntT|Any CPU.ActiveCfg = IntT|Any CPU
		{987C0622-C937-4F40-AC69-7BDC39D832C8}.IntT|Any CPU.Build.0 = IntT|Any CPU
		{987C0622-C937-4F40-AC69-7BDC39D832C8}.QA|Any CPU.ActiveCfg = QA|Any CPU
		{987C0622-C937-4F40-AC69-7BDC39D832C8}.QA|Any CPU.Build.0 = QA|Any CPU
		{987C0622-C937-4F40-AC69-7BDC39D832C8}.Release|Any CPU.ActiveCfg = Release|Any CPU
		{987C0622-C937-4F40-AC69-7BDC39D832C8}.Release|Any CPU.Build.0 = Release|Any CPU
		{987C0622-C937-4F40-AC69-7BDC39D832C8}.UAT|Any CPU.ActiveCfg = UAT|Any CPU
		{987C0622-C937-4F40-AC69-7BDC39D832C8}.UAT|Any CPU.Build.0 = UAT|Any CPU
		{3DC437AB-7208-48AB-9A2A-03BE96C8E739}.Debug (In Process)|Any CPU.ActiveCfg = Debug (In Process)|Any CPU
		{3DC437AB-7208-48AB-9A2A-03BE96C8E739}.Debug (In Process)|Any CPU.Build.0 = Debug (In Process)|Any CPU
		{3DC437AB-7208-48AB-9A2A-03BE96C8E739}.Debug|Any CPU.ActiveCfg = Debug|Any CPU
		{3DC437AB-7208-48AB-9A2A-03BE96C8E739}.Debug|Any CPU.Build.0 = Debug|Any CPU
		{3DC437AB-7208-48AB-9A2A-03BE96C8E739}.Dev|Any CPU.ActiveCfg = Dev|Any CPU
		{3DC437AB-7208-48AB-9A2A-03BE96C8E739}.Dev|Any CPU.Build.0 = Dev|Any CPU
		{3DC437AB-7208-48AB-9A2A-03BE96C8E739}.IntT|Any CPU.ActiveCfg = IntT|Any CPU
		{3DC437AB-7208-48AB-9A2A-03BE96C8E739}.IntT|Any CPU.Build.0 = IntT|Any CPU
		{3DC437AB-7208-48AB-9A2A-03BE96C8E739}.QA|Any CPU.ActiveCfg = QA|Any CPU
		{3DC437AB-7208-48AB-9A2A-03BE96C8E739}.QA|Any CPU.Build.0 = QA|Any CPU
		{3DC437AB-7208-48AB-9A2A-03BE96C8E739}.Release|Any CPU.ActiveCfg = Release|Any CPU
		{3DC437AB-7208-48AB-9A2A-03BE96C8E739}.Release|Any CPU.Build.0 = Release|Any CPU
		{3DC437AB-7208-48AB-9A2A-03BE96C8E739}.UAT|Any CPU.ActiveCfg = UAT|Any CPU
		{3DC437AB-7208-48AB-9A2A-03BE96C8E739}.UAT|Any CPU.Build.0 = UAT|Any CPU
		{1C26E049-205F-4F2C-9451-E9E91286A1C9}.Debug (In Process)|Any CPU.ActiveCfg = Debug (In Process)|Any CPU
		{1C26E049-205F-4F2C-9451-E9E91286A1C9}.Debug (In Process)|Any CPU.Build.0 = Debug (In Process)|Any CPU
		{1C26E049-205F-4F2C-9451-E9E91286A1C9}.Debug|Any CPU.ActiveCfg = Debug|Any CPU
		{1C26E049-205F-4F2C-9451-E9E91286A1C9}.Debug|Any CPU.Build.0 = Debug|Any CPU
		{1C26E049-205F-4F2C-9451-E9E91286A1C9}.Dev|Any CPU.ActiveCfg = Dev|Any CPU
		{1C26E049-205F-4F2C-9451-E9E91286A1C9}.Dev|Any CPU.Build.0 = Dev|Any CPU
		{1C26E049-205F-4F2C-9451-E9E91286A1C9}.IntT|Any CPU.ActiveCfg = IntT|Any CPU
		{1C26E049-205F-4F2C-9451-E9E91286A1C9}.IntT|Any CPU.Build.0 = IntT|Any CPU
		{1C26E049-205F-4F2C-9451-E9E91286A1C9}.QA|Any CPU.ActiveCfg = QA|Any CPU
		{1C26E049-205F-4F2C-9451-E9E91286A1C9}.QA|Any CPU.Build.0 = QA|Any CPU
		{1C26E049-205F-4F2C-9451-E9E91286A1C9}.Release|Any CPU.ActiveCfg = Release|Any CPU
		{1C26E049-205F-4F2C-9451-E9E91286A1C9}.Release|Any CPU.Build.0 = Release|Any CPU
		{1C26E049-205F-4F2C-9451-E9E91286A1C9}.UAT|Any CPU.ActiveCfg = UAT|Any CPU
		{1C26E049-205F-4F2C-9451-E9E91286A1C9}.UAT|Any CPU.Build.0 = UAT|Any CPU
		{0C49BDC4-F0C3-4767-9E80-F992BA29715C}.Debug (In Process)|Any CPU.ActiveCfg = Debug (In Process)|Any CPU
		{0C49BDC4-F0C3-4767-9E80-F992BA29715C}.Debug (In Process)|Any CPU.Build.0 = Debug (In Process)|Any CPU
		{0C49BDC4-F0C3-4767-9E80-F992BA29715C}.Debug|Any CPU.ActiveCfg = Debug|Any CPU
		{0C49BDC4-F0C3-4767-9E80-F992BA29715C}.Debug|Any CPU.Build.0 = Debug|Any CPU
		{0C49BDC4-F0C3-4767-9E80-F992BA29715C}.Dev|Any CPU.ActiveCfg = Dev|Any CPU
		{0C49BDC4-F0C3-4767-9E80-F992BA29715C}.Dev|Any CPU.Build.0 = Dev|Any CPU
		{0C49BDC4-F0C3-4767-9E80-F992BA29715C}.IntT|Any CPU.ActiveCfg = IntT|Any CPU
		{0C49BDC4-F0C3-4767-9E80-F992BA29715C}.IntT|Any CPU.Build.0 = IntT|Any CPU
		{0C49BDC4-F0C3-4767-9E80-F992BA29715C}.QA|Any CPU.ActiveCfg = QA|Any CPU
		{0C49BDC4-F0C3-4767-9E80-F992BA29715C}.QA|Any CPU.Build.0 = QA|Any CPU
		{0C49BDC4-F0C3-4767-9E80-F992BA29715C}.Release|Any CPU.ActiveCfg = Release|Any CPU
		{0C49BDC4-F0C3-4767-9E80-F992BA29715C}.Release|Any CPU.Build.0 = Release|Any CPU
		{0C49BDC4-F0C3-4767-9E80-F992BA29715C}.UAT|Any CPU.ActiveCfg = UAT|Any CPU
		{0C49BDC4-F0C3-4767-9E80-F992BA29715C}.UAT|Any CPU.Build.0 = UAT|Any CPU
	EndGlobalSection
	GlobalSection(SolutionProperties) = preSolution
		HideSolutionNode = FALSE
	EndGlobalSection
	GlobalSection(NestedProjects) = preSolution
		{3E185AB8-A18F-4276-8349-C3D34F80A6A4} = {7EE9AEC5-2AFF-4256-B79A-AB94E9728845}
		{3BADE81B-C36E-4604-A67A-13AAA547A500} = {1274847D-432A-4561-A38B-065D48E1C163}
		{CFB5B848-12F4-407E-818D-FB4297153A83} = {1274847D-432A-4561-A38B-065D48E1C163}
		{987C0622-C937-4F40-AC69-7BDC39D832C8} = {4E65825B-5B2A-42F0-9A7F-B429DE3F54D6}
		{1C26E049-205F-4F2C-9451-E9E91286A1C9} = {4E65825B-5B2A-42F0-9A7F-B429DE3F54D6}
	EndGlobalSection
EndGlobal
